
Microsoft Visual Studio Solution File, Format Version 12.00
# Visual Studio 2012
Project("{FAE04EC0-301F-11D3-BF4B-00C04F79EFBC}") = "SqlMagic", "SqlMagic\SqlMagic.csproj", "{32CF1A29-5710-41F1-968D-A7EB22480E09}"
EndProject
Project("{FAE04EC0-301F-11D3-BF4B-00C04F79EFBC}") = "SqlMagic.Host", "SqlMagic.Host\SqlMagic.Host.csproj", "{C2479309-25CF-438E-93DF-421B8D87A4E2}"
EndProject
Project("{FAE04EC0-301F-11D3-BF4B-00C04F79EFBC}") = "SqlMagic.Output", "SqlMagic.Output\SqlMagic.Output.csproj", "{D263CB19-599C-4ACB-A62D-C64FBE3AF071}"
EndProject
Project("{FAE04EC0-301F-11D3-BF4B-00C04F79EFBC}") = "SqlMagic.Lib", "SqlMagic.Lib\SqlMagic.Lib.csproj", "{203FAFE9-3485-4A9B-B72D-AE3B4D53F2FD}"
EndProject
Global
	GlobalSection(SolutionConfigurationPlatforms) = preSolution
		Debug|Any CPU = Debug|Any CPU
		Release|Any CPU = Release|Any CPU
	EndGlobalSection
	GlobalSection(ProjectConfigurationPlatforms) = postSolution
		{32CF1A29-5710-41F1-968D-A7EB22480E09}.Debug|Any CPU.ActiveCfg = Debug|Any CPU
		{32CF1A29-5710-41F1-968D-A7EB22480E09}.Debug|Any CPU.Build.0 = Debug|Any CPU
		{32CF1A29-5710-41F1-968D-A7EB22480E09}.Release|Any CPU.ActiveCfg = Release|Any CPU
		{32CF1A29-5710-41F1-968D-A7EB22480E09}.Release|Any CPU.Build.0 = Release|Any CPU
		{C2479309-25CF-438E-93DF-421B8D87A4E2}.Debug|Any CPU.ActiveCfg = Debug|Any CPU
		{C2479309-25CF-438E-93DF-421B8D87A4E2}.Debug|Any CPU.Build.0 = Debug|Any CPU
		{C2479309-25CF-438E-93DF-421B8D87A4E2}.Release|Any CPU.ActiveCfg = Release|Any CPU
		{C2479309-25CF-438E-93DF-421B8D87A4E2}.Release|Any CPU.Build.0 = Release|Any CPU
		{D263CB19-599C-4ACB-A62D-C64FBE3AF071}.Debug|Any CPU.ActiveCfg = Debug|Any CPU
		{D263CB19-599C-4ACB-A62D-C64FBE3AF071}.Debug|Any CPU.Build.0 = Debug|Any CPU
		{D263CB19-599C-4ACB-A62D-C64FBE3AF071}.Release|Any CPU.ActiveCfg = Release|Any CPU
		{D263CB19-599C-4ACB-A62D-C64FBE3AF071}.Release|Any CPU.Build.0 = Release|Any CPU
		{203FAFE9-3485-4A9B-B72D-AE3B4D53F2FD}.Debug|Any CPU.ActiveCfg = Debug|Any CPU
		{203FAFE9-3485-4A9B-B72D-AE3B4D53F2FD}.Debug|Any CPU.Build.0 = Debug|Any CPU
		{203FAFE9-3485-4A9B-B72D-AE3B4D53F2FD}.Release|Any CPU.ActiveCfg = Release|Any CPU
		{203FAFE9-3485-4A9B-B72D-AE3B4D53F2FD}.Release|Any CPU.Build.0 = Release|Any CPU
	EndGlobalSection
	GlobalSection(SolutionProperties) = preSolution
		HideSolutionNode = FALSE
	EndGlobalSection
EndGlobal
